
Microsoft Visual Studio Solution File, Format Version 12.00
# Visual Studio 15
VisualStudioVersion = 15.0.27428.2015
MinimumVisualStudioVersion = 10.0.40219.1
Project("{FAE04EC0-301F-11D3-BF4B-00C04F79EFBC}") = "Polymorphism", "Polymorphism\Polymorphism.csproj", "{CE9B5151-AC51-4D0D-8A4E-8CA45D40CF9A}"
EndProject
Global
	GlobalSection(SolutionConfigurationPlatforms) = preSolution
		Debug|Any CPU = Debug|Any CPU
		Release|Any CPU = Release|Any CPU
	EndGlobalSection
	GlobalSection(ProjectConfigurationPlatforms) = postSolution
		{CE9B5151-AC51-4D0D-8A4E-8CA45D40CF9A}.Debug|Any CPU.ActiveCfg = Debug|Any CPU
		{CE9B5151-AC51-4D0D-8A4E-8CA45D40CF9A}.Debug|Any CPU.Build.0 = Debug|Any CPU
		{CE9B5151-AC51-4D0D-8A4E-8CA45D40CF9A}.Release|Any CPU.ActiveCfg = Release|Any CPU
		{CE9B5151-AC51-4D0D-8A4E-8CA45D40CF9A}.Release|Any CPU.Build.0 = Release|Any CPU
	EndGlobalSection
	GlobalSection(SolutionProperties) = preSolution
		HideSolutionNode = FALSE
	EndGlobalSection
	GlobalSection(ExtensibilityGlobals) = postSolution
		SolutionGuid = {7CF28DA8-E3B0-4757-9D62-DBD9EDE0460C}
	EndGlobalSection
EndGlobal
