
Microsoft Visual Studio Solution File, Format Version 12.00
# Visual Studio 15
VisualStudioVersion = 15.0.27428.2015
MinimumVisualStudioVersion = 10.0.40219.1
Project("{FAE04EC0-301F-11D3-BF4B-00C04F79EFBC}") = "ImplicitTypeCasting", "ImplicitTypeCasting\ImplicitTypeCasting.csproj", "{52428723-340F-4847-8B19-12A507AF216E}"
EndProject
Global
	GlobalSection(SolutionConfigurationPlatforms) = preSolution
		Debug|Any CPU = Debug|Any CPU
		Release|Any CPU = Release|Any CPU
	EndGlobalSection
	GlobalSection(ProjectConfigurationPlatforms) = postSolution
		{52428723-340F-4847-8B19-12A507AF216E}.Debug|Any CPU.ActiveCfg = Debug|Any CPU
		{52428723-340F-4847-8B19-12A507AF216E}.Debug|Any CPU.Build.0 = Debug|Any CPU
		{52428723-340F-4847-8B19-12A507AF216E}.Release|Any CPU.ActiveCfg = Release|Any CPU
		{52428723-340F-4847-8B19-12A507AF216E}.Release|Any CPU.Build.0 = Release|Any CPU
	EndGlobalSection
	GlobalSection(SolutionProperties) = preSolution
		HideSolutionNode = FALSE
	EndGlobalSection
	GlobalSection(ExtensibilityGlobals) = postSolution
		SolutionGuid = {4A2B85C7-4352-4C8A-90BC-A2A4F4CE3E9F}
	EndGlobalSection
EndGlobal
