
Microsoft Visual Studio Solution File, Format Version 12.00
# Visual Studio 15
VisualStudioVersion = 15.0.27428.2015
MinimumVisualStudioVersion = 10.0.40219.1
Project("{FAE04EC0-301F-11D3-BF4B-00C04F79EFBC}") = "TwoSum", "TwoSum\TwoSum.csproj", "{9430B97D-8580-47C0-9837-C4933D99B9F7}"
EndProject
Global
	GlobalSection(SolutionConfigurationPlatforms) = preSolution
		Debug|Any CPU = Debug|Any CPU
		Release|Any CPU = Release|Any CPU
	EndGlobalSection
	GlobalSection(ProjectConfigurationPlatforms) = postSolution
		{9430B97D-8580-47C0-9837-C4933D99B9F7}.Debug|Any CPU.ActiveCfg = Debug|Any CPU
		{9430B97D-8580-47C0-9837-C4933D99B9F7}.Debug|Any CPU.Build.0 = Debug|Any CPU
		{9430B97D-8580-47C0-9837-C4933D99B9F7}.Release|Any CPU.ActiveCfg = Release|Any CPU
		{9430B97D-8580-47C0-9837-C4933D99B9F7}.Release|Any CPU.Build.0 = Release|Any CPU
	EndGlobalSection
	GlobalSection(SolutionProperties) = preSolution
		HideSolutionNode = FALSE
	EndGlobalSection
	GlobalSection(ExtensibilityGlobals) = postSolution
		SolutionGuid = {40827FC5-3D32-4C42-B364-DAB73EE4BDE6}
	EndGlobalSection
EndGlobal
